
Microsoft Visual Studio Solution File, Format Version 12.00
# Visual Studio Version 16
VisualStudioVersion = 16.0.809.6
MinimumVisualStudioVersion = 10.0.40219.1
Project("{2150E333-8FDC-42A3-9474-1A3956D46DE8}") = "Query", "Query", "{16B4E50F-38DA-4EE6-AC16-D90095EE7D82}"
EndProject
Project("{FAE04EC0-301F-11D3-BF4B-00C04F79EFBC}") = "ePunla.Query.API", "ePunla.Query.API\ePunla.Query.API.csproj", "{F54A1DC9-E11B-4E10-A6B3-77E013809745}"
EndProject
Project("{2150E333-8FDC-42A3-9474-1A3956D46DE8}") = "Common", "Common", "{FE74DB9B-3772-48DC-8237-B6A280653071}"
EndProject
Project("{2150E333-8FDC-42A3-9474-1A3956D46DE8}") = "Command", "Command", "{602FFDFE-BFDD-443D-925E-848F6C427262}"
EndProject
Project("{FAE04EC0-301F-11D3-BF4B-00C04F79EFBC}") = "ePunla.Query.Business", "ePunla.Query.Business\ePunla.Query.Business.csproj", "{0624F1AF-985C-4F90-9880-AA0C5AEFAEB7}"
EndProject
Project("{FAE04EC0-301F-11D3-BF4B-00C04F79EFBC}") = "ePunla.Query.DAL", "ePunla.Query.DAL\ePunla.Query.DAL.csproj", "{5E3FE607-ED1D-402B-8A56-5EC46F3842FA}"
EndProject
Project("{FAE04EC0-301F-11D3-BF4B-00C04F79EFBC}") = "ePunla.Query.Domain", "ePunla.Query.Domain\ePunla.Query.Domain.csproj", "{C44FD687-575B-4835-AC1B-F73AFEFD95C9}"
EndProject
Project("{FAE04EC0-301F-11D3-BF4B-00C04F79EFBC}") = "ePunla.Common.Utilitites", "ePunla.Common.Utilitites\ePunla.Common.Utilitites.csproj", "{B859C385-E2A8-4AF3-A901-67CA8B1E3ECB}"
EndProject
Project("{FAE04EC0-301F-11D3-BF4B-00C04F79EFBC}") = "ePunla.Command.API", "ePunla.Command.API\ePunla.Command.API.csproj", "{941416D3-00E6-42E3-8030-0C5CD27D83AC}"
EndProject
Project("{FAE04EC0-301F-11D3-BF4B-00C04F79EFBC}") = "ePunla.Command.Business", "ePunla.Command.Business\ePunla.Command.Business.csproj", "{E69C5BB1-9B78-4277-A14A-10DBFCD84D5D}"
EndProject
Project("{FAE04EC0-301F-11D3-BF4B-00C04F79EFBC}") = "ePunla.Command.DAL", "ePunla.Command.DAL\ePunla.Command.DAL.csproj", "{5243C04C-0B67-4DBE-A938-2C2EDFF43BE7}"
EndProject
Project("{FAE04EC0-301F-11D3-BF4B-00C04F79EFBC}") = "ePunla.Command.Domain", "ePunla.Command.Domain\ePunla.Command.Domain.csproj", "{A4C25724-C6E3-431D-850C-57E212D2F694}"
EndProject
Project("{E53339B2-1760-4266-BCC7-CA923CBCF16C}") = "docker-compose", "docker-compose.dcproj", "{768160BF-3449-4C25-B72F-88B94CDB7616}"
EndProject
Project("{2150E333-8FDC-42A3-9474-1A3956D46DE8}") = "Solution Items", "Solution Items", "{BF9CC9E7-41F3-40EC-9BE3-65CABFFB07C5}"
	ProjectSection(SolutionItems) = preProject
		.env = .env
	EndProjectSection
EndProject
Global
	GlobalSection(SolutionConfigurationPlatforms) = preSolution
		Debug|Any CPU = Debug|Any CPU
		Release|Any CPU = Release|Any CPU
	EndGlobalSection
	GlobalSection(ProjectConfigurationPlatforms) = postSolution
		{F54A1DC9-E11B-4E10-A6B3-77E013809745}.Debug|Any CPU.ActiveCfg = Debug|Any CPU
		{F54A1DC9-E11B-4E10-A6B3-77E013809745}.Debug|Any CPU.Build.0 = Debug|Any CPU
		{F54A1DC9-E11B-4E10-A6B3-77E013809745}.Release|Any CPU.ActiveCfg = Release|Any CPU
		{F54A1DC9-E11B-4E10-A6B3-77E013809745}.Release|Any CPU.Build.0 = Release|Any CPU
		{0624F1AF-985C-4F90-9880-AA0C5AEFAEB7}.Debug|Any CPU.ActiveCfg = Debug|Any CPU
		{0624F1AF-985C-4F90-9880-AA0C5AEFAEB7}.Debug|Any CPU.Build.0 = Debug|Any CPU
		{0624F1AF-985C-4F90-9880-AA0C5AEFAEB7}.Release|Any CPU.ActiveCfg = Release|Any CPU
		{0624F1AF-985C-4F90-9880-AA0C5AEFAEB7}.Release|Any CPU.Build.0 = Release|Any CPU
		{5E3FE607-ED1D-402B-8A56-5EC46F3842FA}.Debug|Any CPU.ActiveCfg = Debug|Any CPU
		{5E3FE607-ED1D-402B-8A56-5EC46F3842FA}.Debug|Any CPU.Build.0 = Debug|Any CPU
		{5E3FE607-ED1D-402B-8A56-5EC46F3842FA}.Release|Any CPU.ActiveCfg = Release|Any CPU
		{5E3FE607-ED1D-402B-8A56-5EC46F3842FA}.Release|Any CPU.Build.0 = Release|Any CPU
		{C44FD687-575B-4835-AC1B-F73AFEFD95C9}.Debug|Any CPU.ActiveCfg = Debug|Any CPU
		{C44FD687-575B-4835-AC1B-F73AFEFD95C9}.Debug|Any CPU.Build.0 = Debug|Any CPU
		{C44FD687-575B-4835-AC1B-F73AFEFD95C9}.Release|Any CPU.ActiveCfg = Release|Any CPU
		{C44FD687-575B-4835-AC1B-F73AFEFD95C9}.Release|Any CPU.Build.0 = Release|Any CPU
		{B859C385-E2A8-4AF3-A901-67CA8B1E3ECB}.Debug|Any CPU.ActiveCfg = Debug|Any CPU
		{B859C385-E2A8-4AF3-A901-67CA8B1E3ECB}.Debug|Any CPU.Build.0 = Debug|Any CPU
		{B859C385-E2A8-4AF3-A901-67CA8B1E3ECB}.Release|Any CPU.ActiveCfg = Release|Any CPU
		{B859C385-E2A8-4AF3-A901-67CA8B1E3ECB}.Release|Any CPU.Build.0 = Release|Any CPU
		{941416D3-00E6-42E3-8030-0C5CD27D83AC}.Debug|Any CPU.ActiveCfg = Debug|Any CPU
		{941416D3-00E6-42E3-8030-0C5CD27D83AC}.Debug|Any CPU.Build.0 = Debug|Any CPU
		{941416D3-00E6-42E3-8030-0C5CD27D83AC}.Release|Any CPU.ActiveCfg = Release|Any CPU
		{941416D3-00E6-42E3-8030-0C5CD27D83AC}.Release|Any CPU.Build.0 = Release|Any CPU
		{E69C5BB1-9B78-4277-A14A-10DBFCD84D5D}.Debug|Any CPU.ActiveCfg = Debug|Any CPU
		{E69C5BB1-9B78-4277-A14A-10DBFCD84D5D}.Debug|Any CPU.Build.0 = Debug|Any CPU
		{E69C5BB1-9B78-4277-A14A-10DBFCD84D5D}.Release|Any CPU.ActiveCfg = Release|Any CPU
		{E69C5BB1-9B78-4277-A14A-10DBFCD84D5D}.Release|Any CPU.Build.0 = Release|Any CPU
		{5243C04C-0B67-4DBE-A938-2C2EDFF43BE7}.Debug|Any CPU.ActiveCfg = Debug|Any CPU
		{5243C04C-0B67-4DBE-A938-2C2EDFF43BE7}.Debug|Any CPU.Build.0 = Debug|Any CPU
		{5243C04C-0B67-4DBE-A938-2C2EDFF43BE7}.Release|Any CPU.ActiveCfg = Release|Any CPU
		{5243C04C-0B67-4DBE-A938-2C2EDFF43BE7}.Release|Any CPU.Build.0 = Release|Any CPU
		{A4C25724-C6E3-431D-850C-57E212D2F694}.Debug|Any CPU.ActiveCfg = Debug|Any CPU
		{A4C25724-C6E3-431D-850C-57E212D2F694}.Debug|Any CPU.Build.0 = Debug|Any CPU
		{A4C25724-C6E3-431D-850C-57E212D2F694}.Release|Any CPU.ActiveCfg = Release|Any CPU
		{A4C25724-C6E3-431D-850C-57E212D2F694}.Release|Any CPU.Build.0 = Release|Any CPU
		{768160BF-3449-4C25-B72F-88B94CDB7616}.Debug|Any CPU.ActiveCfg = Debug|Any CPU
		{768160BF-3449-4C25-B72F-88B94CDB7616}.Debug|Any CPU.Build.0 = Debug|Any CPU
		{768160BF-3449-4C25-B72F-88B94CDB7616}.Release|Any CPU.ActiveCfg = Release|Any CPU
		{768160BF-3449-4C25-B72F-88B94CDB7616}.Release|Any CPU.Build.0 = Release|Any CPU
	EndGlobalSection
	GlobalSection(SolutionProperties) = preSolution
		HideSolutionNode = FALSE
	EndGlobalSection
	GlobalSection(ExtensibilityGlobals) = postSolution
		SolutionGuid = {2E27FD43-95FE-456C-968C-7ABC1B14E01D}
	EndGlobalSection
	GlobalSection(NestedProjects) = preSolution
		{F54A1DC9-E11B-4E10-A6B3-77E013809745} = {16B4E50F-38DA-4EE6-AC16-D90095EE7D82}
		{0624F1AF-985C-4F90-9880-AA0C5AEFAEB7} = {16B4E50F-38DA-4EE6-AC16-D90095EE7D82}
		{5E3FE607-ED1D-402B-8A56-5EC46F3842FA} = {16B4E50F-38DA-4EE6-AC16-D90095EE7D82}
		{C44FD687-575B-4835-AC1B-F73AFEFD95C9} = {16B4E50F-38DA-4EE6-AC16-D90095EE7D82}
		{B859C385-E2A8-4AF3-A901-67CA8B1E3ECB} = {FE74DB9B-3772-48DC-8237-B6A280653071}
		{941416D3-00E6-42E3-8030-0C5CD27D83AC} = {602FFDFE-BFDD-443D-925E-848F6C427262}
		{E69C5BB1-9B78-4277-A14A-10DBFCD84D5D} = {602FFDFE-BFDD-443D-925E-848F6C427262}
		{5243C04C-0B67-4DBE-A938-2C2EDFF43BE7} = {602FFDFE-BFDD-443D-925E-848F6C427262}
		{A4C25724-C6E3-431D-850C-57E212D2F694} = {602FFDFE-BFDD-443D-925E-848F6C427262}
	EndGlobalSection
EndGlobal
